
Microsoft Visual Studio Solution File, Format Version 12.00
# Visual Studio Version 17
VisualStudioVersion = 17.5.002.0
MinimumVisualStudioVersion = 10.0.40219.1
Project("{9A19103F-16F7-4668-BE54-9A1E7A4F7556}") = "UrlShortnerBackend", "UrlShortnerBackend.csproj", "{83F9719B-79E9-4783-85BE-721924DF09E3}"
EndProject
Global
	GlobalSection(SolutionConfigurationPlatforms) = preSolution
		Debug|Any CPU = Debug|Any CPU
		Release|Any CPU = Release|Any CPU
	EndGlobalSection
	GlobalSection(ProjectConfigurationPlatforms) = postSolution
		{83F9719B-79E9-4783-85BE-721924DF09E3}.Debug|Any CPU.ActiveCfg = Debug|Any CPU
		{83F9719B-79E9-4783-85BE-721924DF09E3}.Debug|Any CPU.Build.0 = Debug|Any CPU
		{83F9719B-79E9-4783-85BE-721924DF09E3}.Release|Any CPU.ActiveCfg = Release|Any CPU
		{83F9719B-79E9-4783-85BE-721924DF09E3}.Release|Any CPU.Build.0 = Release|Any CPU
	EndGlobalSection
	GlobalSection(SolutionProperties) = preSolution
		HideSolutionNode = FALSE
	EndGlobalSection
	GlobalSection(ExtensibilityGlobals) = postSolution
		SolutionGuid = {52B6AC5E-E4F5-4774-A125-A5550A3F3A3C}
	EndGlobalSection
EndGlobal
